Microsoft Visual Studio Solution File, Format Version 11.00
# Visual Studio 2008

Project("{E4DFA0BA-B1CA-9FD7-F6B9-80ED3C995F72}") = "DWG", "Assembly-CSharp.csproj", "{3D8FD98C-FA96-C0F2-E5BE-41C18C195D44}"
EndProject
Project("{E4DFA0BA-B1CA-9FD7-F6B9-80ED3C995F72}") = "DWG", "Assembly-CSharp-Editor.csproj", "{9EF51BBA-8C66-D46D-125D-AA18801E3029}"
EndProject
Global
	GlobalSection(SolutionConfigurationPlatforms) = preSolution
		Debug|Any CPU = Debug|Any CPU
		Release|Any CPU = Release|Any CPU
	EndGlobalSection
	GlobalSection(ProjectConfigurationPlatforms) = postSolution
		{3D8FD98C-FA96-C0F2-E5BE-41C18C195D44}.Debug|Any CPU.ActiveCfg = Debug|Any CPU
		{3D8FD98C-FA96-C0F2-E5BE-41C18C195D44}.Debug|Any CPU.Build.0 = Debug|Any CPU
		{3D8FD98C-FA96-C0F2-E5BE-41C18C195D44}.Release|Any CPU.ActiveCfg = Release|Any CPU
		{3D8FD98C-FA96-C0F2-E5BE-41C18C195D44}.Release|Any CPU.Build.0 = Release|Any CPU
		{9EF51BBA-8C66-D46D-125D-AA18801E3029}.Debug|Any CPU.ActiveCfg = Debug|Any CPU
		{9EF51BBA-8C66-D46D-125D-AA18801E3029}.Debug|Any CPU.Build.0 = Debug|Any CPU
		{9EF51BBA-8C66-D46D-125D-AA18801E3029}.Release|Any CPU.ActiveCfg = Release|Any CPU
		{9EF51BBA-8C66-D46D-125D-AA18801E3029}.Release|Any CPU.Build.0 = Release|Any CPU
	EndGlobalSection
	GlobalSection(SolutionProperties) = preSolution
		HideSolutionNode = FALSE
	EndGlobalSection
	GlobalSection(MonoDevelopProperties) = preSolution
		StartupItem = Assembly-CSharp.csproj
	EndGlobalSection
EndGlobal
